# THIS IS AN AUTOGENERATED FILE. DO NOT EDIT THIS FILE DIRECTLY.
# yarn lockfile v1


"@noble/hashes@1.1.5":
  version "1.1.5"
  resolved "https://registry.yarnpkg.com/@noble/hashes/-/hashes-1.1.5.tgz#1a0377f3b9020efe2fae03290bd2a12140c95c11"
  integrity sha512-LTMZiiLc+V4v1Yi16TD6aX2gmtKszNye0pQgbaLqkvhIqP7nVsSaJsWloGQjJfJ8offaoP5GtX3yY5swbcJxxQ==

"@noble/hashes@^1.1.2":
  version "1.2.0"
  resolved "https://registry.yarnpkg.com/@noble/hashes/-/hashes-1.2.0.tgz#a3150eeb09cc7ab207ebf6d7b9ad311a9bdbed12"
  integrity sha512-FZfhjEDbT5GRswV3C6uvLPHMiVD6lQBmpoX5+eSiPaMTXte/IKqI5dykDxzZB/WBeK/CDuQRBWarPdi3FNY2zQ==

"@noble/secp256k1@1.7.1":
  version "1.7.1"
  resolved "https://registry.yarnpkg.com/@noble/secp256k1/-/secp256k1-1.7.1.tgz#b251c70f824ce3ca7f8dc3df08d58f005cc0507c"
  integrity sha512-hOUk6AyBFmqVrv7k5WAw/LpszxVbj9gGN4JRkIX52fdFAj1UA61KXmZDvqVEm+pOyec3+fIeZB02LYa/pWOArw==

"@stacks/common@^6.0.0":
  version "6.0.0"
  resolved "https://registry.yarnpkg.com/@stacks/common/-/common-6.0.0.tgz#ce80a11ca5d16db8276891db3ecc8e4f2eb1b43a"
  integrity sha512-tETwccvbYvaZ7u3ZucWNMOIPN97r6IPeZXKIFhLc1KSVaWSGEPTtZcwVp+Rz3mu2XgI2pg37SUrOWXSL7OOkDw==
  dependencies:
    "@types/bn.js" "^5.1.0"
    "@types/node" "^18.0.4"

"@stacks/network@^6.1.1":
  version "6.1.1"
  resolved "https://registry.yarnpkg.com/@stacks/network/-/network-6.1.1.tgz#b6b01a8045375a055bb6e5598f4ff68da2d722a8"
  integrity sha512-FXOujmszG/NkYKDVDRmPLmfSQJvcSfvucXLOq6SkkTOohxFgQrT7cgAydmEwBWDiEoPsuYPlE0grppcUYIO8rQ==
  dependencies:
    "@stacks/common" "^6.0.0"
    cross-fetch "^3.1.5"

"@stacks/transactions@^6.2.0":
  version "6.2.0"
  resolved "https://registry.yarnpkg.com/@stacks/transactions/-/transactions-6.2.0.tgz#cd7a68c32d4f361e358bca4fa6f424680fa84caf"
  integrity sha512-FUqcCNhCC5VlPvfUeeC6TB0gUifFj06E9xlWKbi2jB+oObh6XNBu4fS6I4EKxF1tEtUX9RNXcVbKDgMlX38syw==
  dependencies:
    "@noble/hashes" "1.1.5"
    "@noble/secp256k1" "1.7.1"
    "@stacks/common" "^6.0.0"
    "@stacks/network" "^6.1.1"
    c32check "^2.0.0"
    lodash.clonedeep "^4.5.0"

"@types/bn.js@^5.1.0":
  version "5.1.1"
  resolved "https://registry.yarnpkg.com/@types/bn.js/-/bn.js-5.1.1.tgz#b51e1b55920a4ca26e9285ff79936bbdec910682"
  integrity sha512-qNrYbZqMx0uJAfKnKclPh+dTwK33KfLHYqtyODwd5HnXOjnkhc4qgn3BrK6RWyGZm5+sIFE7Q7Vz6QQtJB7w7g==
  dependencies:
    "@types/node" "*"

"@types/node@*", "@types/node@^18.0.4":
  version "18.15.3"
  resolved "https://registry.yarnpkg.com/@types/node/-/node-18.15.3.tgz#f0b991c32cfc6a4e7f3399d6cb4b8cf9a0315014"
  integrity sha512-p6ua9zBxz5otCmbpb5D3U4B5Nanw6Pk3PPyX05xnxbB/fRv71N7CPmORg7uAD5P70T0xmx1pzAx/FUfa5X+3cw==

base-x@^4.0.0:
  version "4.0.0"
  resolved "https://registry.yarnpkg.com/base-x/-/base-x-4.0.0.tgz#d0e3b7753450c73f8ad2389b5c018a4af7b2224a"
  integrity sha512-FuwxlW4H5kh37X/oW59pwTzzTKRzfrrQwhmyspRM7swOEZcHtDZSCt45U6oKgtuFE+WYPblePMVIPR4RZrh/hw==

c32check@^2.0.0:
  version "2.0.0"
  resolved "https://registry.yarnpkg.com/c32check/-/c32check-2.0.0.tgz#b9365618b2fb135c0783d03f00605b7b0f90c659"
  integrity sha512-rpwfAcS/CMqo0oCqDf3r9eeLgScRE3l/xHDCXhM3UyrfvIn7PrLq63uHh7yYbv8NzaZn5MVsVhIRpQ+5GZ5HyA==
  dependencies:
    "@noble/hashes" "^1.1.2"
    base-x "^4.0.0"

cross-fetch@^3.1.5:
  version "3.1.5"
  resolved "https://registry.yarnpkg.com/cross-fetch/-/cross-fetch-3.1.5.tgz#e1389f44d9e7ba767907f7af8454787952ab534f"
  integrity sha512-lvb1SBsI0Z7GDwmuid+mU3kWVBwTVUbe7S0H52yaaAdQOXq2YktTCZdlAcNKFzE6QtRz0snpw9bNiPeOIkkQvw==
  dependencies:
    node-fetch "2.6.7"

lodash.clonedeep@^4.5.0:
  version "4.5.0"
  resolved "https://registry.yarnpkg.com/lodash.clonedeep/-/lodash.clonedeep-4.5.0.tgz#e23f3f9c4f8fbdde872529c1071857a086e5ccef"
  integrity sha512-H5ZhCF25riFd9uB5UCkVKo61m3S/xZk1x4wA6yp/L3RFP6Z/eHH1ymQcGLo7J3GMPfm0V/7m1tryHuGVxpqEBQ==

node-fetch@2.6.7:
  version "2.6.7"
  resolved "https://registry.yarnpkg.com/node-fetch/-/node-fetch-2.6.7.tgz#24de9fba827e3b4ae44dc8b20256a379160052ad"
  integrity sha512-ZjMPFEfVx5j+y2yF35Kzx5sF7kDzxuDj6ziH4FFbOp87zKDZNx8yExJIb05OGF4Nlt9IHFIMBkRl41VdvcNdbQ==
  dependencies:
    whatwg-url "^5.0.0"

tr46@~0.0.3:
  version "0.0.3"
  resolved "https://registry.yarnpkg.com/tr46/-/tr46-0.0.3.tgz#8184fd347dac9cdc185992f3a6622e14b9d9ab6a"
  integrity sha512-N3WMsuqV66lT30CrXNbEjx4GEwlow3v6rr4mCcv6prnfwhS01rkgyFdjPNBYd9br7LpXV1+Emh01fHnq2Gdgrw==

webidl-conversions@^3.0.0:
  version "3.0.1"
  resolved "https://registry.yarnpkg.com/webidl-conversions/-/webidl-conversions-3.0.1.tgz#24534275e2a7bc6be7bc86611cc16ae0a5654871"
  integrity sha512-2JAn3z8AR6rjK8Sm8orRC0h/bcl/DqL7tRPdGZ4I1CjdF+EaMLmYxBHyXuKL849eucPFhvBoxMsflfOb8kxaeQ==

whatwg-url@^5.0.0:
  version "5.0.0"
  resolved "https://registry.yarnpkg.com/whatwg-url/-/whatwg-url-5.0.0.tgz#966454e8765462e37644d3626f6742ce8b70965d"
  integrity sha512-saE57nupxk6v3HY35+jzBwYa0rKSy0XR8JSxZPwgLr7ys0IBzhGviA1/TUGJLmSVqs8pb9AnvICXEuOHLprYTw==
  dependencies:
    tr46 "~0.0.3"
    webidl-conversions "^3.0.0"
